// !$*UTF8*$!
{
	archiveVersion = 1;
	classes = {
	};
	objectVersion = 46;
	objects = {

/* Begin PBXBuildFile section */
		156955BB03C38A452C9BBC53 /* Pods.framework in Frameworks */ = {isa = PBXBuildFile; fileRef = 838685DF0343BDCED288CB07 /* Pods.framework */; };
		E8A80B4C1CF2D876001FDE63 /* AppDelegate.swift in Sources */ = {isa = PBXBuildFile; fileRef = E8A80B4B1CF2D876001FDE63 /* AppDelegate.swift */; };
		E8A80B4E1CF2D876001FDE63 /* ViewController.swift in Sources */ = {isa = PBXBuildFile; fileRef = E8A80B4D1CF2D876001FDE63 /* ViewController.swift */; };
		E8A80B511CF2D876001FDE63 /* Main.storyboard in Resources */ = {isa = PBXBuildFile; fileRef = E8A80B4F1CF2D876001FDE63 /* Main.storyboard */; };
		E8A80B531CF2D876001FDE63 /* Assets.xcassets in Resources */ = {isa = PBXBuildFile; fileRef = E8A80B521CF2D876001FDE63 /* Assets.xcassets */; };
		E8A80B561CF2D876001FDE63 /* LaunchScreen.storyboard in Resources */ = {isa = PBXBuildFile; fileRef = E8A80B541CF2D876001FDE63 /* LaunchScreen.storyboard */; };
		E8A80B611CF2D876001FDE63 /* iOSMVVMRxSwiftTests.swift in Sources */ = {isa = PBXBuildFile; fileRef = E8A80B601CF2D876001FDE63 /* iOSMVVMRxSwiftTests.swift */; };
		E8A80B6C1CF2D876001FDE63 /* iOSMVVMRxSwiftUITests.swift in Sources */ = {isa = PBXBuildFile; fileRef = E8A80B6B1CF2D876001FDE63 /* iOSMVVMRxSwiftUITests.swift */; };
		E8B7807A1D3C8D6F0045A89A /* UserModel.swift in Sources */ = {isa = PBXBuildFile; fileRef = E8B780791D3C8D6F0045A89A /* UserModel.swift */; };
		E8B7807C1D3CAE2A0045A89A /* UserViewModel.swift in Sources */ = {isa = PBXBuildFile; fileRef = E8B7807B1D3CAE2A0045A89A /* UserViewModel.swift */; };
/* End PBXBuildFile section */

/* Begin PBXContainerItemProxy section */
		E8A80B5D1CF2D876001FDE63 /* PBXContainerItemProxy */ = {
			isa = PBXContainerItemProxy;
			containerPortal = E8A80B401CF2D876001FDE63 /* Project object */;
			proxyType = 1;
			remoteGlobalIDString = E8A80B471CF2D876001FDE63;
			remoteInfo = iOSMVVMRxSwift;
		};
		E8A80B681CF2D876001FDE63 /* PBXContainerItemProxy */ = {
			isa = PBXContainerItemProxy;
			containerPortal = E8A80B401CF2D876001FDE63 /* Project object */;
			proxyType = 1;
			remoteGlobalIDString = E8A80B471CF2D876001FDE63;
			remoteInfo = iOSMVVMRxSwift;
		};
/* End PBXContainerItemProxy section */

/* Begin PBXFileReference section */
		431FFC260DA820B0B818F00C /* Pods.release.xcconfig */ = {isa = PBXFileReference; includeInIndex = 1; lastKnownFileType = text.xcconfig; name = Pods.release.xcconfig; path = "Pods/Target Support Files/Pods/Pods.release.xcconfig"; sourceTree = "<group>"; };
		838685DF0343BDCED288CB07 /* Pods.framework */ = {isa = PBXFileReference; explicitFileType = wrapper.framework; includeInIndex = 0; path = Pods.framework; sourceTree = BUILT_PRODUCTS_DIR; };
		CD78398E9B9F82825DA952C6 /* Pods.debug.xcconfig */ = {isa = PBXFileReference; includeInIndex = 1; lastKnownFileType = text.xcconfig; name = Pods.debug.xcconfig; path = "Pods/Target Support Files/Pods/Pods.debug.xcconfig"; sourceTree = "<group>"; };
		E8A80B481CF2D876001FDE63 /* iOSMVVMRxSwift.app */ = {isa = PBXFileReference; explicitFileType = wrapper.application; includeInIndex = 0; path = iOSMVVMRxSwift.app; sourceTree = BUILT_PRODUCTS_DIR; };
		E8A80B4B1CF2D876001FDE63 /* AppDelegate.swift */ = {isa = PBXFileReference; lastKnownFileType = sourcecode.swift; path = AppDelegate.swift; sourceTree = "<group>"; };
		E8A80B4D1CF2D876001FDE63 /* ViewController.swift */ = {isa = PBXFileReference; lastKnownFileType = sourcecode.swift; path = ViewController.swift; sourceTree = "<group>"; };
		E8A80B501CF2D876001FDE63 /* Base */ = {isa = PBXFileReference; lastKnownFileType = file.storyboard; name = Base; path = Base.lproj/Main.storyboard; sourceTree = "<group>"; };
		E8A80B521CF2D876001FDE63 /* Assets.xcassets */ = {isa = PBXFileReference; lastKnownFileType = folder.assetcatalog; path = Assets.xcassets; sourceTree = "<group>"; };
		E8A80B551CF2D876001FDE63 /* Base */ = {isa = PBXFileReference; lastKnownFileType = file.storyboard; name = Base; path = Base.lproj/LaunchScreen.storyboard; sourceTree = "<group>"; };
		E8A80B571CF2D876001FDE63 /* Info.plist */ = {isa = PBXFileReference; lastKnownFileType = text.plist.xml; path = Info.plist; sourceTree = "<group>"; };
		E8A80B5C1CF2D876001FDE63 /* iOSMVVMRxSwiftTests.xctest */ = {isa = PBXFileReference; explicitFileType = wrapper.cfbundle; includeInIndex = 0; path = iOSMVVMRxSwiftTests.xctest; sourceTree = BUILT_PRODUCTS_DIR; };
		E8A80B601CF2D876001FDE63 /* iOSMVVMRxSwiftTests.swift */ = {isa = PBXFileReference; lastKnownFileType = sourcecode.swift; path = iOSMVVMRxSwiftTests.swift; sourceTree = "<group>"; };
		E8A80B621CF2D876001FDE63 /* Info.plist */ = {isa = PBXFileReference; lastKnownFileType = text.plist.xml; path = Info.plist; sourceTree = "<group>"; };
		E8A80B671CF2D876001FDE63 /* iOSMVVMRxSwiftUITests.xctest */ = {isa = PBXFileReference; explicitFileType = wrapper.cfbundle; includeInIndex = 0; path = iOSMVVMRxSwiftUITests.xctest; sourceTree = BUILT_PRODUCTS_DIR; };
		E8A80B6B1CF2D876001FDE63 /* iOSMVVMRxSwiftUITests.swift */ = {isa = PBXFileReference; lastKnownFileType = sourcecode.swift; path = iOSMVVMRxSwiftUITests.swift; sourceTree = "<group>"; };
		E8A80B6D1CF2D876001FDE63 /* Info.plist */ = {isa = PBXFileReference; lastKnownFileType = text.plist.xml; path = Info.plist; sourceTree = "<group>"; };
		E8B780791D3C8D6F0045A89A /* UserModel.swift */ = {isa = PBXFileReference; fileEncoding = 4; lastKnownFileType = sourcecode.swift; path = UserModel.swift; sourceTree = "<group>"; };
		E8B7807B1D3CAE2A0045A89A /* UserViewModel.swift */ = {isa = PBXFileReference; fileEncoding = 4; lastKnownFileType = sourcecode.swift; path = UserViewModel.swift; sourceTree = "<group>"; };
/* End PBXFileReference section */

/* Begin PBXFrameworksBuildPhase section */
		E8A80B451CF2D876001FDE63 /* Frameworks */ = {
			isa = PBXFrameworksBuildPhase;
			buildActionMask = 2147483647;
			files = (
				156955BB03C38A452C9BBC53 /* Pods.framework in Frameworks */,
			);
			runOnlyForDeploymentPostprocessing = 0;
		};
		E8A80B591CF2D876001FDE63 /* Frameworks */ = {
			isa = PBXFrameworksBuildPhase;
			buildActionMask = 2147483647;
			files = (
			);
			runOnlyForDeploymentPostprocessing = 0;
		};
		E8A80B641CF2D876001FDE63 /* Frameworks */ = {
			isa = PBXFrameworksBuildPhase;
			buildActionMask = 2147483647;
			files = (
			);
			runOnlyForDeploymentPostprocessing = 0;
		};
/* End PBXFrameworksBuildPhase section */

/* Begin PBXGroup section */
		D211FF6ACC2DF6F6D2A56ABC /* Frameworks */ = {
			isa = PBXGroup;
			children = (
				838685DF0343BDCED288CB07 /* Pods.framework */,
			);
			name = Frameworks;
			sourceTree = "<group>";
		};
		D3A054005F719BF3C9C6FA62 /* Pods */ = {
			isa = PBXGroup;
			children = (
				CD78398E9B9F82825DA952C6 /* Pods.debug.xcconfig */,
				431FFC260DA820B0B818F00C /* Pods.release.xcconfig */,
			);
			name = Pods;
			sourceTree = "<group>";
		};
		E8A80B3F1CF2D876001FDE63 = {
			isa = PBXGroup;
			children = (
				E8A80B4A1CF2D876001FDE63 /* iOSMVVMRxSwift */,
				E8A80B5F1CF2D876001FDE63 /* iOSMVVMRxSwiftTests */,
				E8A80B6A1CF2D876001FDE63 /* iOSMVVMRxSwiftUITests */,
				E8A80B491CF2D876001FDE63 /* Products */,
				D3A054005F719BF3C9C6FA62 /* Pods */,
				D211FF6ACC2DF6F6D2A56ABC /* Frameworks */,
			);
			sourceTree = "<group>";
		};
		E8A80B491CF2D876001FDE63 /* Products */ = {
			isa = PBXGroup;
			children = (
				E8A80B481CF2D876001FDE63 /* iOSMVVMRxSwift.app */,
				E8A80B5C1CF2D876001FDE63 /* iOSMVVMRxSwiftTests.xctest */,
				E8A80B671CF2D876001FDE63 /* iOSMVVMRxSwiftUITests.xctest */,
			);
			name = Products;
			sourceTree = "<group>";
		};
		E8A80B4A1CF2D876001FDE63 /* iOSMVVMRxSwift */ = {
			isa = PBXGroup;
			children = (
				E8B780761D3C76290045A89A /* View */,
				E8B780771D3C76340045A89A /* ViewModel */,
				E8B780781D3C76460045A89A /* Model */,
				E8A80B4B1CF2D876001FDE63 /* AppDelegate.swift */,
				E8A80B4F1CF2D876001FDE63 /* Main.storyboard */,
				E8A80B521CF2D876001FDE63 /* Assets.xcassets */,
				E8A80B541CF2D876001FDE63 /* LaunchScreen.storyboard */,
				E8A80B571CF2D876001FDE63 /* Info.plist */,
			);
			path = iOSMVVMRxSwift;
			sourceTree = "<group>";
		};
		E8A80B5F1CF2D876001FDE63 /* iOSMVVMRxSwiftTests */ = {
			isa = PBXGroup;
			children = (
				E8A80B601CF2D876001FDE63 /* iOSMVVMRxSwiftTests.swift */,
				E8A80B621CF2D876001FDE63 /* Info.plist */,
			);
			path = iOSMVVMRxSwiftTests;
			sourceTree = "<group>";
		};
		E8A80B6A1CF2D876001FDE63 /* iOSMVVMRxSwiftUITests */ = {
			isa = PBXGroup;
			children = (
				E8A80B6B1CF2D876001FDE63 /* iOSMVVMRxSwiftUITests.swift */,
				E8A80B6D1CF2D876001FDE63 /* Info.plist */,
			);
			path = iOSMVVMRxSwiftUITests;
			sourceTree = "<group>";
		};
		E8B780761D3C76290045A89A /* View */ = {
			isa = PBXGroup;
			children = (
				E8A80B4D1CF2D876001FDE63 /* ViewController.swift */,
			);
			name = View;
			sourceTree = "<group>";
		};
		E8B780771D3C76340045A89A /* ViewModel */ = {
			isa = PBXGroup;
			children = (
				E8B7807B1D3CAE2A0045A89A /* UserViewModel.swift */,
			);
			name = ViewModel;
			sourceTree = "<group>";
		};
		E8B780781D3C76460045A89A /* Model */ = {
			isa = PBXGroup;
			children = (
				E8B780791D3C8D6F0045A89A /* UserModel.swift */,
			);
			name = Model;
			sourceTree = "<group>";
		};
/* End PBXGroup section */

/* Begin PBXNativeTarget section */
		E8A80B471CF2D876001FDE63 /* iOSMVVMRxSwift */ = {
			isa = PBXNativeTarget;
			buildConfigurationList = E8A80B701CF2D876001FDE63 /* Build configuration list for PBXNativeTarget "iOSMVVMRxSwift" */;
			buildPhases = (
				A0E389350CDD9F05B1099163 /* Check Pods Manifest.lock */,
				E8A80B441CF2D876001FDE63 /* Sources */,
				E8A80B451CF2D876001FDE63 /* Frameworks */,
				E8A80B461CF2D876001FDE63 /* Resources */,
				406D60DBF0B84E9CE9F2A9E5 /* Embed Pods Frameworks */,
				C5D9FA080C24D9CB3A90FAE7 /* Copy Pods Resources */,
			);
			buildRules = (
			);
			dependencies = (
			);
			name = iOSMVVMRxSwift;
			productName = iOSMVVMRxSwift;
			productReference = E8A80B481CF2D876001FDE63 /* iOSMVVMRxSwift.app */;
			productType = "com.apple.product-type.application";
		};
		E8A80B5B1CF2D876001FDE63 /* iOSMVVMRxSwiftTests */ = {
			isa = PBXNativeTarget;
			buildConfigurationList = E8A80B731CF2D876001FDE63 /* Build configuration list for PBXNativeTarget "iOSMVVMRxSwiftTests" */;
			buildPhases = (
				E8A80B581CF2D876001FDE63 /* Sources */,
				E8A80B591CF2D876001FDE63 /* Frameworks */,
				E8A80B5A1CF2D876001FDE63 /* Resources */,
			);
			buildRules = (
			);
			dependencies = (
				E8A80B5E1CF2D876001FDE63 /* PBXTargetDependency */,
			);
			name = iOSMVVMRxSwiftTests;
			productName = iOSMVVMRxSwiftTests;
			productReference = E8A80B5C1CF2D876001FDE63 /* iOSMVVMRxSwiftTests.xctest */;
			productType = "com.apple.product-type.bundle.unit-test";
		};
		E8A80B661CF2D876001FDE63 /* iOSMVVMRxSwiftUITests */ = {
			isa = PBXNativeTarget;
			buildConfigurationList = E8A80B761CF2D876001FDE63 /* Build configuration list for PBXNativeTarget "iOSMVVMRxSwiftUITests" */;
			buildPhases = (
				E8A80B631CF2D876001FDE63 /* Sources */,
				E8A80B641CF2D876001FDE63 /* Frameworks */,
				E8A80B651CF2D876001FDE63 /* Resources */,
			);
			buildRules = (
			);
			dependencies = (
				E8A80B691CF2D876001FDE63 /* PBXTargetDependency */,
			);
			name = iOSMVVMRxSwiftUITests;
			productName = iOSMVVMRxSwiftUITests;
			productReference = E8A80B671CF2D876001FDE63 /* iOSMVVMRxSwiftUITests.xctest */;
			productType = "com.apple.product-type.bundle.ui-testing";
		};
/* End PBXNativeTarget section */

/* Begin PBXProject section */
		E8A80B401CF2D876001FDE63 /* Project object */ = {
			isa = PBXProject;
			attributes = {
				LastSwiftUpdateCheck = 0730;
				LastUpgradeCheck = 0730;
				ORGANIZATIONNAME = "玖富集团";
				TargetAttributes = {
					E8A80B471CF2D876001FDE63 = {
						CreatedOnToolsVersion = 7.3;
					};
					E8A80B5B1CF2D876001FDE63 = {
						CreatedOnToolsVersion = 7.3;
						TestTargetID = E8A80B471CF2D876001FDE63;
					};
					E8A80B661CF2D876001FDE63 = {
						CreatedOnToolsVersion = 7.3;
						TestTargetID = E8A80B471CF2D876001FDE63;
					};
				};
			};
			buildConfigurationList = E8A80B431CF2D876001FDE63 /* Build configuration list for PBXProject "iOSMVVMRxSwift" */;
			compatibilityVersion = "Xcode 3.2";
			developmentRegion = English;
			hasScannedForEncodings = 0;
			knownRegions = (
				en,
				Base,
			);
			mainGroup = E8A80B3F1CF2D876001FDE63;
			productRefGroup = E8A80B491CF2D876001FDE63 /* Products */;
			projectDirPath = "";
			projectRoot = "";
			targets = (
				E8A80B471CF2D876001FDE63 /* iOSMVVMRxSwift */,
				E8A80B5B1CF2D876001FDE63 /* iOSMVVMRxSwiftTests */,
				E8A80B661CF2D876001FDE63 /* iOSMVVMRxSwiftUITests */,
			);
		};
/* End PBXProject section */

/* Begin PBXResourcesBuildPhase section */
		E8A80B461CF2D876001FDE63 /* Resources */ = {
			isa = PBXResourcesBuildPhase;
			buildActionMask = 2147483647;
			files = (
				E8A80B561CF2D876001FDE63 /* LaunchScreen.storyboard in Resources */,
				E8A80B531CF2D876001FDE63 /* Assets.xcassets in Resources */,
				E8A80B511CF2D876001FDE63 /* Main.storyboard in Resources */,
			);
			runOnlyForDeploymentPostprocessing = 0;
		};
		E8A80B5A1CF2D876001FDE63 /* Resources */ = {
			isa = PBXResourcesBuildPhase;
			buildActionMask = 2147483647;
			files = (
			);
			runOnlyForDeploymentPostprocessing = 0;
		};
		E8A80B651CF2D876001FDE63 /* Resources */ = {
			isa = PBXResourcesBuildPhase;
			buildActionMask = 2147483647;
			files = (
			);
			runOnlyForDeploymentPostprocessing = 0;
		};
/* End PBXResourcesBuildPhase section */

/* Begin PBXShellScriptBuildPhase section */
		406D60DBF0B84E9CE9F2A9E5 /* Embed Pods Frameworks */ = {
			isa = PBXShellScriptBuildPhase;
			buildActionMask = 2147483647;
			files = (
			);
			inputPaths = (
			);
			name = "Embed Pods Frameworks";
			outputPaths = (
			);
			runOnlyForDeploymentPostprocessing = 0;
			shellPath = /bin/sh;
			shellScript = "\"${SRCROOT}/Pods/Target Support Files/Pods/Pods-frameworks.sh\"\n";
			showEnvVarsInLog = 0;
		};
		A0E389350CDD9F05B1099163 /* Check Pods Manifest.lock */ = {
			isa = PBXShellScriptBuildPhase;
			buildActionMask = 2147483647;
			files = (
			);
			inputPaths = (
			);
			name = "Check Pods Manifest.lock";
			outputPaths = (
			);
			runOnlyForDeploymentPostprocessing = 0;
			shellPath = /bin/sh;
			shellScript = "diff \"${PODS_ROOT}/../Podfile.lock\" \"${PODS_ROOT}/Manifest.lock\" > /dev/null\nif [[ $? != 0 ]] ; then\n    cat << EOM\nerror: The sandbox is not in sync with the Podfile.lock. Run 'pod install' or update your CocoaPods installation.\nEOM\n    exit 1\nfi\n";
			showEnvVarsInLog = 0;
		};
		C5D9FA080C24D9CB3A90FAE7 /* Copy Pods Resources */ = {
			isa = PBXShellScriptBuildPhase;
			buildActionMask = 2147483647;
			files = (
			);
			inputPaths = (
			);
			name = "Copy Pods Resources";
			outputPaths = (
			);
			runOnlyForDeploymentPostprocessing = 0;
			shellPath = /bin/sh;
			shellScript = "\"${SRCROOT}/Pods/Target Support Files/Pods/Pods-resources.sh\"\n";
			showEnvVarsInLog = 0;
		};
/* End PBXShellScriptBuildPhase section */

/* Begin PBXSourcesBuildPhase section */
		E8A80B441CF2D876001FDE63 /* Sources */ = {
			isa = PBXSourcesBuildPhase;
			buildActionMask = 2147483647;
			files = (
				E8A80B4E1CF2D876001FDE63 /* ViewController.swift in Sources */,
				E8B7807C1D3CAE2A0045A89A /* UserViewModel.swift in Sources */,
				E8A80B4C1CF2D876001FDE63 /* AppDelegate.swift in Sources */,
				E8B7807A1D3C8D6F0045A89A /* UserModel.swift in Sources */,
			);
			runOnlyForDeploymentPostprocessing = 0;
		};
		E8A80B581CF2D876001FDE63 /* Sources */ = {
			isa = PBXSourcesBuildPhase;
			buildActionMask = 2147483647;
			files = (
				E8A80B611CF2D876001FDE63 /* iOSMVVMRxSwiftTests.swift in Sources */,
			);
			runOnlyForDeploymentPostprocessing = 0;
		};
		E8A80B631CF2D876001FDE63 /* Sources */ = {
			isa = PBXSourcesBuildPhase;
			buildActionMask = 2147483647;
			files = (
				E8A80B6C1CF2D876001FDE63 /* iOSMVVMRxSwiftUITests.swift in Sources */,
			);
			runOnlyForDeploymentPostprocessing = 0;
		};
/* End PBXSourcesBuildPhase section */

/* Begin PBXTargetDependency section */
		E8A80B5E1CF2D876001FDE63 /* PBXTargetDependency */ = {
			isa = PBXTargetDependency;
			target = E8A80B471CF2D876001FDE63 /* iOSMVVMRxSwift */;
			targetProxy = E8A80B5D1CF2D876001FDE63 /* PBXContainerItemProxy */;
		};
		E8A80B691CF2D876001FDE63 /* PBXTargetDependency */ = {
			isa = PBXTargetDependency;
			target = E8A80B471CF2D876001FDE63 /* iOSMVVMRxSwift */;
			targetProxy = E8A80B681CF2D876001FDE63 /* PBXContainerItemProxy */;
		};
/* End PBXTargetDependency section */

/* Begin PBXVariantGroup section */
		E8A80B4F1CF2D876001FDE63 /* Main.storyboard */ = {
			isa = PBXVariantGroup;
			children = (
				E8A80B501CF2D876001FDE63 /* Base */,
			);
			name = Main.storyboard;
			sourceTree = "<group>";
		};
		E8A80B541CF2D876001FDE63 /* LaunchScreen.storyboard */ = {
			isa = PBXVariantGroup;
			children = (
				E8A80B551CF2D876001FDE63 /* Base */,
			);
			name = LaunchScreen.storyboard;
			sourceTree = "<group>";
		};
/* End PBXVariantGroup section */

/* Begin XCBuildConfiguration section */
		E8A80B6E1CF2D876001FDE63 /* Debug */ = {
			isa = XCBuildConfiguration;
			buildSettings = {
				ALWAYS_SEARCH_USER_PATHS = NO;
				CLANG_ANALYZER_NONNULL = YES;
				CLANG_CXX_LANGUAGE_STANDARD = "gnu++0x";
				CLANG_CXX_LIBRARY = "libc++";
				CLANG_ENABLE_MODULES = YES;
				CLANG_ENABLE_OBJC_ARC = YES;
				CLANG_WARN_BOOL_CONVERSION = YES;
				CLANG_WARN_CONSTANT_CONVERSION = YES;
				CLANG_WARN_DIRECT_OBJC_ISA_USAGE = YES_ERROR;
				CLANG_WARN_EMPTY_BODY = YES;
				CLANG_WARN_ENUM_CONVERSION = YES;
				CLANG_WARN_INT_CONVERSION = YES;
				CLANG_WARN_OBJC_ROOT_CLASS = YES_ERROR;
				CLANG_WARN_UNREACHABLE_CODE = YES;
				CLANG_WARN__DUPLICATE_METHOD_MATCH = YES;
				"CODE_SIGN_IDENTITY[sdk=iphoneos*]" = "iPhone Developer";
				COPY_PHASE_STRIP = NO;
				DEBUG_INFORMATION_FORMAT = dwarf;
				ENABLE_STRICT_OBJC_MSGSEND = YES;
				ENABLE_TESTABILITY = YES;
				GCC_C_LANGUAGE_STANDARD = gnu99;
				GCC_DYNAMIC_NO_PIC = NO;
				GCC_NO_COMMON_BLOCKS = YES;
				GCC_OPTIMIZATION_LEVEL = 0;
				GCC_PREPROCESSOR_DEFINITIONS = (
					"DEBUG=1",
					"$(inherited)",
				);
				GCC_WARN_64_TO_32_BIT_CONVERSION = YES;
				GCC_WARN_ABOUT_RETURN_TYPE = YES_ERROR;
				GCC_WARN_UNDECLARED_SELECTOR = YES;
				GCC_WARN_UNINITIALIZED_AUTOS = YES_AGGRESSIVE;
				GCC_WARN_UNUSED_FUNCTION = YES;
				GCC_WARN_UNUSED_VARIABLE = YES;
				IPHONEOS_DEPLOYMENT_TARGET = 9.3;
				MTL_ENABLE_DEBUG_INFO = YES;
				ONLY_ACTIVE_ARCH = YES;
				SDKROOT = iphoneos;
				SWIFT_OPTIMIZATION_LEVEL = "-Onone";
				TARGETED_DEVICE_FAMILY = "1,2";
			};
			name = Debug;
		};
		E8A80B6F1CF2D876001FDE63 /* Release */ = {
			isa = XCBuildConfiguration;
			buildSettings = {
				ALWAYS_SEARCH_USER_PATHS = NO;
				CLANG_ANALYZER_NONNULL = YES;
				CLANG_CXX_LANGUAGE_STANDARD = "gnu++0x";
				CLANG_CXX_LIBRARY = "libc++";
				CLANG_ENABLE_MODULES = YES;
				CLANG_ENABLE_OBJC_ARC = YES;
				CLANG_WARN_BOOL_CONVERSION = YES;
				CLANG_WARN_CONSTANT_CONVERSION = YES;
				CLANG_WARN_DIRECT_OBJC_ISA_USAGE = YES_ERROR;
				CLANG_WARN_EMPTY_BODY = YES;
				CLANG_WARN_ENUM_CONVERSION = YES;
				CLANG_WARN_INT_CONVERSION = YES;
				CLANG_WARN_OBJC_ROOT_CLASS = YES_ERROR;
				CLANG_WARN_UNREACHABLE_CODE = YES;
				CLANG_WARN__DUPLICATE_METHOD_MATCH = YES;
				"CODE_SIGN_IDENTITY[sdk=iphoneos*]" = "iPhone Developer";
				COPY_PHASE_STRIP = NO;
				DEBUG_INFORMATION_FORMAT = "dwarf-with-dsym";
				ENABLE_NS_ASSERTIONS = NO;
				ENABLE_STRICT_OBJC_MSGSEND = YES;
				GCC_C_LANGUAGE_STANDARD = gnu99;
				GCC_NO_COMMON_BLOCKS = YES;
				GCC_WARN_64_TO_32_BIT_CONVERSION = YES;
				GCC_WARN_ABOUT_RETURN_TYPE = YES_ERROR;
				GCC_WARN_UNDECLARED_SELECTOR = YES;
				GCC_WARN_UNINITIALIZED_AUTOS = YES_AGGRESSIVE;
				GCC_WARN_UNUSED_FUNCTION = YES;
				GCC_WARN_UNUSED_VARIABLE = YES;
				IPHONEOS_DEPLOYMENT_TARGET = 9.3;
				MTL_ENABLE_DEBUG_INFO = NO;
				SDKROOT = iphoneos;
				TARGETED_DEVICE_FAMILY = "1,2";
				VALIDATE_PRODUCT = YES;
			};
			name = Release;
		};
		E8A80B711CF2D876001FDE63 /* Debug */ = {
			isa = XCBuildConfiguration;
			baseConfigurationReference = CD78398E9B9F82825DA952C6 /* Pods.debug.xcconfig */;
			buildSettings = {
				ASSETCATALOG_COMPILER_APPICON_NAME = AppIcon;
				INFOPLIST_FILE = iOSMVVMRxSwift/Info.plist;
				LD_RUNPATH_SEARCH_PATHS = "$(inherited) @executable_path/Frameworks";
				PRODUCT_BUNDLE_IDENTIFIER = com.9fbank.iOSMVVMRxSwift;
				PRODUCT_NAME = "$(TARGET_NAME)";
			};
			name = Debug;
		};
		E8A80B721CF2D876001FDE63 /* Release */ = {
			isa = XCBuildConfiguration;
			baseConfigurationReference = 431FFC260DA820B0B818F00C /* Pods.release.xcconfig */;
			buildSettings = {
				ASSETCATALOG_COMPILER_APPICON_NAME = AppIcon;
				INFOPLIST_FILE = iOSMVVMRxSwift/Info.plist;
				LD_RUNPATH_SEARCH_PATHS = "$(inherited) @executable_path/Frameworks";
				PRODUCT_BUNDLE_IDENTIFIER = com.9fbank.iOSMVVMRxSwift;
				PRODUCT_NAME = "$(TARGET_NAME)";
			};
			name = Release;
		};
		E8A80B741CF2D876001FDE63 /* Debug */ = {
			isa = XCBuildConfiguration;
			buildSettings = {
				BUNDLE_LOADER = "$(TEST_HOST)";
				INFOPLIST_FILE = iOSMVVMRxSwiftTests/Info.plist;
				LD_RUNPATH_SEARCH_PATHS = "$(inherited) @executable_path/Frameworks @loader_path/Frameworks";
				PRODUCT_BUNDLE_IDENTIFIER = com.9fbank.iOSMVVMRxSwiftTests;
				PRODUCT_NAME = "$(TARGET_NAME)";
				TEST_HOST = "$(BUILT_PRODUCTS_DIR)/iOSMVVMRxSwift.app/iOSMVVMRxSwift";
			};
			name = Debug;
		};
		E8A80B751CF2D876001FDE63 /* Release */ = {
			isa = XCBuildConfiguration;
			buildSettings = {
				BUNDLE_LOADER = "$(TEST_HOST)";
				INFOPLIST_FILE = iOSMVVMRxSwiftTests/Info.plist;
				LD_RUNPATH_SEARCH_PATHS = "$(inherited) @executable_path/Frameworks @loader_path/Frameworks";
				PRODUCT_BUNDLE_IDENTIFIER = com.9fbank.iOSMVVMRxSwiftTests;
				PRODUCT_NAME = "$(TARGET_NAME)";
				TEST_HOST = "$(BUILT_PRODUCTS_DIR)/iOSMVVMRxSwift.app/iOSMVVMRxSwift";
			};
			name = Release;
		};
		E8A80B771CF2D876001FDE63 /* Debug */ = {
			isa = XCBuildConfiguration;
			buildSettings = {
				INFOPLIST_FILE = iOSMVVMRxSwiftUITests/Info.plist;
				LD_RUNPATH_SEARCH_PATHS = "$(inherited) @executable_path/Frameworks @loader_path/Frameworks";
				PRODUCT_BUNDLE_IDENTIFIER = com.9fbank.iOSMVVMRxSwiftUITests;
				PRODUCT_NAME = "$(TARGET_NAME)";
				TEST_TARGET_NAME = iOSMVVMRxSwift;
			};
			name = Debug;
		};
		E8A80B781CF2D876001FDE63 /* Release */ = {
			isa = XCBuildConfiguration;
			buildSettings = {
				INFOPLIST_FILE = iOSMVVMRxSwiftUITests/Info.plist;
				LD_RUNPATH_SEARCH_PATHS = "$(inherited) @executable_path/Frameworks @loader_path/Frameworks";
				PRODUCT_BUNDLE_IDENTIFIER = com.9fbank.iOSMVVMRxSwiftUITests;
				PRODUCT_NAME = "$(TARGET_NAME)";
				TEST_TARGET_NAME = iOSMVVMRxSwift;
			};
			name = Release;
		};
/* End XCBuildConfiguration section */

/* Begin XCConfigurationList section */
		E8A80B431CF2D876001FDE63 /* Build configuration list for PBXProject "iOSMVVMRxSwift" */ = {
			isa = XCConfigurationList;
			buildConfigurations = (
				E8A80B6E1CF2D876001FDE63 /* Debug */,
				E8A80B6F1CF2D876001FDE63 /* Release */,
			);
			defaultConfigurationIsVisible = 0;
			defaultConfigurationName = Release;
		};
		E8A80B701CF2D876001FDE63 /* Build configuration list for PBXNativeTarget "iOSMVVMRxSwift" */ = {
			isa = XCConfigurationList;
			buildConfigurations = (
				E8A80B711CF2D876001FDE63 /* Debug */,
				E8A80B721CF2D876001FDE63 /* Release */,
			);
			defaultConfigurationIsVisible = 0;
			defaultConfigurationName = Release;
		};
		E8A80B731CF2D876001FDE63 /* Build configuration list for PBXNativeTarget "iOSMVVMRxSwiftTests" */ = {
			isa = XCConfigurationList;
			buildConfigurations = (
				E8A80B741CF2D876001FDE63 /* Debug */,
				E8A80B751CF2D876001FDE63 /* Release */,
			);
			defaultConfigurationIsVisible = 0;
			defaultConfigurationName = Release;
		};
		E8A80B761CF2D876001FDE63 /* Build configuration list for PBXNativeTarget "iOSMVVMRxSwiftUITests" */ = {
			isa = XCConfigurationList;
			buildConfigurations = (
				E8A80B771CF2D876001FDE63 /* Debug */,
				E8A80B781CF2D876001FDE63 /* Release */,
			);
			defaultConfigurationIsVisible = 0;
			defaultConfigurationName = Release;
		};
/* End XCConfigurationList section */
	};
	rootObject = E8A80B401CF2D876001FDE63 /* Project object */;
}
